
Microsoft Visual Studio Solution File, Format Version 12.00
# Visual Studio Version 17
VisualStudioVersion = 17.0.32112.339
MinimumVisualStudioVersion = 10.0.40219.1
Project("{FAE04EC0-301F-11D3-BF4B-00C04F79EFBC}") = "GPAxCalculator", "GPAxCalculator\GPAxCalculator.csproj", "{78FB0058-2CA6-4E58-94CE-067AD029ACC9}"
EndProject
Global
	GlobalSection(SolutionConfigurationPlatforms) = preSolution
		Debug|Any CPU = Debug|Any CPU
		Release|Any CPU = Release|Any CPU
	EndGlobalSection
	GlobalSection(ProjectConfigurationPlatforms) = postSolution
		{78FB0058-2CA6-4E58-94CE-067AD029ACC9}.Debug|Any CPU.ActiveCfg = Debug|Any CPU
		{78FB0058-2CA6-4E58-94CE-067AD029ACC9}.Debug|Any CPU.Build.0 = Debug|Any CPU
		{78FB0058-2CA6-4E58-94CE-067AD029ACC9}.Release|Any CPU.ActiveCfg = Release|Any CPU
		{78FB0058-2CA6-4E58-94CE-067AD029ACC9}.Release|Any CPU.Build.0 = Release|Any CPU
	EndGlobalSection
	GlobalSection(SolutionProperties) = preSolution
		HideSolutionNode = FALSE
	EndGlobalSection
	GlobalSection(ExtensibilityGlobals) = postSolution
		SolutionGuid = {7295B5E6-1FA5-45A8-AC63-F82CAEF99CFD}
	EndGlobalSection
EndGlobal
